
Microsoft Visual Studio Solution File, Format Version 12.00
# Visual Studio Version 17
VisualStudioVersion = 17.9.34723.18
MinimumVisualStudioVersion = 10.0.40219.1
Project("{FAE04EC0-301F-11D3-BF4B-00C04F79EFBC}") = "WebApi", "WebApi\WebApi.csproj", "{9D274B0D-1F08-49D9-AA9C-D71206560FB2}"
EndProject
Project("{FAE04EC0-301F-11D3-BF4B-00C04F79EFBC}") = "Business", "Business\Business.csproj", "{4C207FCD-DB86-4DCB-9BC0-D79F0AE6E598}"
EndProject
Project("{FAE04EC0-301F-11D3-BF4B-00C04F79EFBC}") = "DataAccess", "DataAccess\DataAccess.csproj", "{8459470B-A866-4FC5-A447-82F3B56F9AA7}"
EndProject
Project("{FAE04EC0-301F-11D3-BF4B-00C04F79EFBC}") = "DataModel", "DataModel\DataModel.csproj", "{5BABB765-6881-498E-979C-A1D1CE13DFE7}"
EndProject
Global
	GlobalSection(SolutionConfigurationPlatforms) = preSolution
		Debug|Any CPU = Debug|Any CPU
		Release|Any CPU = Release|Any CPU
	EndGlobalSection
	GlobalSection(ProjectConfigurationPlatforms) = postSolution
		{9D274B0D-1F08-49D9-AA9C-D71206560FB2}.Debug|Any CPU.ActiveCfg = Debug|Any CPU
		{9D274B0D-1F08-49D9-AA9C-D71206560FB2}.Debug|Any CPU.Build.0 = Debug|Any CPU
		{9D274B0D-1F08-49D9-AA9C-D71206560FB2}.Release|Any CPU.ActiveCfg = Release|Any CPU
		{9D274B0D-1F08-49D9-AA9C-D71206560FB2}.Release|Any CPU.Build.0 = Release|Any CPU
		{4C207FCD-DB86-4DCB-9BC0-D79F0AE6E598}.Debug|Any CPU.ActiveCfg = Debug|Any CPU
		{4C207FCD-DB86-4DCB-9BC0-D79F0AE6E598}.Debug|Any CPU.Build.0 = Debug|Any CPU
		{4C207FCD-DB86-4DCB-9BC0-D79F0AE6E598}.Release|Any CPU.ActiveCfg = Release|Any CPU
		{4C207FCD-DB86-4DCB-9BC0-D79F0AE6E598}.Release|Any CPU.Build.0 = Release|Any CPU
		{8459470B-A866-4FC5-A447-82F3B56F9AA7}.Debug|Any CPU.ActiveCfg = Debug|Any CPU
		{8459470B-A866-4FC5-A447-82F3B56F9AA7}.Debug|Any CPU.Build.0 = Debug|Any CPU
		{8459470B-A866-4FC5-A447-82F3B56F9AA7}.Release|Any CPU.ActiveCfg = Release|Any CPU
		{8459470B-A866-4FC5-A447-82F3B56F9AA7}.Release|Any CPU.Build.0 = Release|Any CPU
		{5BABB765-6881-498E-979C-A1D1CE13DFE7}.Debug|Any CPU.ActiveCfg = Debug|Any CPU
		{5BABB765-6881-498E-979C-A1D1CE13DFE7}.Debug|Any CPU.Build.0 = Debug|Any CPU
		{5BABB765-6881-498E-979C-A1D1CE13DFE7}.Release|Any CPU.ActiveCfg = Release|Any CPU
		{5BABB765-6881-498E-979C-A1D1CE13DFE7}.Release|Any CPU.Build.0 = Release|Any CPU
	EndGlobalSection
	GlobalSection(SolutionProperties) = preSolution
		HideSolutionNode = FALSE
	EndGlobalSection
	GlobalSection(ExtensibilityGlobals) = postSolution
		SolutionGuid = {890F9A3A-4BFB-484B-9950-A6F2FBF4B8AC}
	EndGlobalSection
EndGlobal
